lockfileVersion: '9.0'

settings:
  autoInstallPeers: true
  excludeLinksFromLockfile: false

overrides:
  vitest>@vitest/snapshot: npm:@brillout/vitest-snapshot@0.35.0-prerelease

importers:

  .:
    devDependencies:
      '@biomejs/biome':
        specifier: ^1.7.2
        version: 1.7.2
      '@brillout/mdocs':
        specifier: ^0.1.30
        version: 0.1.30
      '@brillout/release-me':
        specifier: ^0.4.7
        version: 0.4.7(conventional-commits-filter@5.0.0)
      '@types/node':
        specifier: ^24.0.10
        version: 24.0.10
      '@types/react':
        specifier: ^18.2.21
        version: 18.2.21
      lodash.isequal:
        specifier: ^4.5.0
        version: 4.5.0
      prettier:
        specifier: ^3.2.5
        version: 3.2.5
      react:
        specifier: ^17.0.2
        version: 17.0.2
      typescript:
        specifier: ^5.8.3
        version: 5.8.3
      vitest:
        specifier: ^0.34.3
        version: 0.34.3

packages:

  '@biomejs/biome@1.7.2':
    resolution: {integrity: sha512-6Skx9N47inLQzYi9RKgJ7PBnUnaHnMe/imqX43cOcJjZtfMnQLxEvfM2Eyo7gChkwrZlwc+VbA4huFRjw2fsYA==}
    engines: {node: '>=14.21.3'}
    hasBin: true

  '@biomejs/cli-darwin-arm64@1.7.2':
    resolution: {integrity: sha512-CrldIueHivWEWmeTkK8bTXajeX53F8i2Rrkkt8cPZyMtzkrwxf8Riq4a/jz3SQBHkxHFT4TqGbSTNMXe3X1ogA==}
    engines: {node: '>=14.21.3'}
    cpu: [arm64]
    os: [darwin]

  '@biomejs/cli-darwin-x64@1.7.2':
    resolution: {integrity: sha512-UELnLJuJOsTL9meArvn8BtiXDURyPil2Ej9me2uVpEvee8UQdqd/bssP5we400OWShlL1AAML4fn6d2WX5332g==}
    engines: {node: '>=14.21.3'}
    cpu: [x64]
    os: [darwin]

  '@biomejs/cli-linux-arm64-musl@1.7.2':
    resolution: {integrity: sha512-kKYZiem7Sj7wI0dpVxJlK7C+TFQwzO/ctufIGXGJAyEmUe9vEKSzV8CXpv+JIRiTWyqaZJ4K+eHz4SPdPCv05w==}
    engines: {node: '>=14.21.3'}
    cpu: [arm64]
    os: [linux]

  '@biomejs/cli-linux-arm64@1.7.2':
    resolution: {integrity: sha512-Z1CSGQE6fHz55gkiFHv9E8wEAaSUd7dHSRaxSCBa7utonHqpIeMbvj3Evm1w0WfGLFDtRXLV1fTfEdM0FMTOhA==}
    engines: {node: '>=14.21.3'}
    cpu: [arm64]
    os: [linux]

  '@biomejs/cli-linux-x64-musl@1.7.2':
    resolution: {integrity: sha512-x10LpGMepDrLS+h2TZ6/T7egpHjGKtiI4GuShNylmBQJWfTotbFf9eseHggrqJ4WZf9yrGoVYrtbxXftuB95sQ==}
    engines: {node: '>=14.21.3'}
    cpu: [x64]
    os: [linux]

  '@biomejs/cli-linux-x64@1.7.2':
    resolution: {integrity: sha512-vXXyox8/CQijBxAu0+r8FfSO7JlC4tob3PbaFda8gPJFRz2uFJw39HtxVUwbTV1EcU6wSPh4SiRu5sZfP1VHrQ==}
    engines: {node: '>=14.21.3'}
    cpu: [x64]
    os: [linux]

  '@biomejs/cli-win32-arm64@1.7.2':
    resolution: {integrity: sha512-kRXdlKzcU7INf6/ldu0nVmkOgt7bKqmyXRRCUqqaJfA32+9InTbkD8tGrHZEVYIWr+eTuKcg16qZVDsPSDFZ8g==}
    engines: {node: '>=14.21.3'}
    cpu: [arm64]
    os: [win32]

  '@biomejs/cli-win32-x64@1.7.2':
    resolution: {integrity: sha512-qHTtpAs+CNglAAuaTy09htoqUhrQyd3nd0aGTuLNqD10h1llMVi8WFZfoa+e5MuDSfYtMK6nW2Tbf6WgzzR1Qw==}
    engines: {node: '>=14.21.3'}
    cpu: [x64]
    os: [win32]

  '@brillout/find-package-files@0.1.1':
    resolution: {integrity: sha512-1gqcKR8GBikQ8IFcGYvxFMte8ZbYe4p6vD3mM1pFzk7zYEqT/NlHab7+2DvKUvZQcKIO9C7LvOLBzrt0aBiVSQ==}

  '@brillout/format-text@0.1.3':
    resolution: {integrity: sha512-79/JKUOr+POW3XAfRDDxoxCjGBeD5KVwkzBWhK7KPA66HCTwEqb7unqxfVGSJZ9MnL/NiMb0shhzRkydMC/YFg==}

  '@brillout/mdocs@0.1.30':
    resolution: {integrity: sha512-oP5cSb0xJaEO1T8ScjIrL/hVhFycUDHCzt0MNP7Ube8RMk2lvyV28TEmsAhTXvTWJaUY5ohrPrbrIvWG9slg0A==}
    hasBin: true

  '@brillout/picocolors@1.0.28':
    resolution: {integrity: sha512-FBsirUdUlmjmeUlEuqfnUoKAZUt+d0VfMVBYUsFQrDFEV9Rm/QDyG69PSQtQbI6SZQNiZuAWuyhE5USflzx6iQ==}

  '@brillout/reassert@0.1.1':
    resolution: {integrity: sha512-ZkEW9dZCQPpPmesRQdx4aacdR4SpJ5L8FbjuxZ06KXcryIVh37NbcnPzGAoeqOJxE7IVKXHyDN/cAAwlGkQv0w==}

  '@brillout/release-me@0.4.7':
    resolution: {integrity: sha512-o1KnUfRcM+IYeAG3sJCb7SyHZW9+pDuEFsboJfRJprnbNCXYAz+voOnWjj/LkMeBSMpJTsablb59PESG90oWKw==}
    hasBin: true

  '@brillout/vitest-snapshot@0.35.0-prerelease':
    resolution: {integrity: sha512-QTLTM1h0RV+mh203+i6vW8U5Nxp8wUhissc9bZs8pONkoXq2vx9APkxIawmT3GPKpsQJsnTZvJyp2RyZCbS0cw==}

  '@conventional-changelog/git-client@2.5.1':
    resolution: {integrity: sha512-lAw7iA5oTPWOLjiweb7DlGEMDEvzqzLLa6aWOly2FSZ64IwLE8T458rC+o+WvI31Doz6joM7X2DoNog7mX8r4A==}
    engines: {node: '>=18'}
    peerDependencies:
      conventional-commits-filter: ^5.0.0
      conventional-commits-parser: ^6.1.0
    peerDependenciesMeta:
      conventional-commits-filter:
        optional: true
      conventional-commits-parser:
        optional: true

  '@esbuild/android-arm64@0.18.20':
    resolution: {integrity: sha512-Nz4rJcchGDtENV0eMKUNa6L12zz2zBDXuhj/Vjh18zGqB44Bi7MBMSXjgunJgjRhCmKOjnPuZp4Mb6OKqtMHLQ==}
    engines: {node: '>=12'}
    cpu: [arm64]
    os: [android]

  '@esbuild/android-arm@0.18.20':
    resolution: {integrity: sha512-fyi7TDI/ijKKNZTUJAQqiG5T7YjJXgnzkURqmGj13C6dCqckZBLdl4h7bkhHt/t0WP+zO9/zwroDvANaOqO5Sw==}
    engines: {node: '>=12'}
    cpu: [arm]
    os: [android]

  '@esbuild/android-x64@0.18.20':
    resolution: {integrity: sha512-8GDdlePJA8D6zlZYJV/jnrRAi6rOiNaCC/JclcXpB+KIuvfBN4owLtgzY2bsxnx666XjJx2kDPUmnTtR8qKQUg==}
    engines: {node: '>=12'}
    cpu: [x64]
    os: [android]

  '@esbuild/darwin-arm64@0.18.20':
    resolution: {integrity: sha512-bxRHW5kHU38zS2lPTPOyuyTm+S+eobPUnTNkdJEfAddYgEcll4xkT8DB9d2008DtTbl7uJag2HuE5NZAZgnNEA==}
    engines: {node: '>=12'}
    cpu: [arm64]
    os: [darwin]

  '@esbuild/darwin-x64@0.18.20':
    resolution: {integrity: sha512-pc5gxlMDxzm513qPGbCbDukOdsGtKhfxD1zJKXjCCcU7ju50O7MeAZ8c4krSJcOIJGFR+qx21yMMVYwiQvyTyQ==}
    engines: {node: '>=12'}
    cpu: [x64]
    os: [darwin]

  '@esbuild/freebsd-arm64@0.18.20':
    resolution: {integrity: sha512-yqDQHy4QHevpMAaxhhIwYPMv1NECwOvIpGCZkECn8w2WFHXjEwrBn3CeNIYsibZ/iZEUemj++M26W3cNR5h+Tw==}
    engines: {node: '>=12'}
    cpu: [arm64]
    os: [freebsd]

  '@esbuild/freebsd-x64@0.18.20':
    resolution: {integrity: sha512-tgWRPPuQsd3RmBZwarGVHZQvtzfEBOreNuxEMKFcd5DaDn2PbBxfwLcj4+aenoh7ctXcbXmOQIn8HI6mCSw5MQ==}
    engines: {node: '>=12'}
    cpu: [x64]
    os: [freebsd]

  '@esbuild/linux-arm64@0.18.20':
    resolution: {integrity: sha512-2YbscF+UL7SQAVIpnWvYwM+3LskyDmPhe31pE7/aoTMFKKzIc9lLbyGUpmmb8a8AixOL61sQ/mFh3jEjHYFvdA==}
    engines: {node: '>=12'}
    cpu: [arm64]
    os: [linux]

  '@esbuild/linux-arm@0.18.20':
    resolution: {integrity: sha512-/5bHkMWnq1EgKr1V+Ybz3s1hWXok7mDFUMQ4cG10AfW3wL02PSZi5kFpYKrptDsgb2WAJIvRcDm+qIvXf/apvg==}
    engines: {node: '>=12'}
    cpu: [arm]
    os: [linux]

  '@esbuild/linux-ia32@0.18.20':
    resolution: {integrity: sha512-P4etWwq6IsReT0E1KHU40bOnzMHoH73aXp96Fs8TIT6z9Hu8G6+0SHSw9i2isWrD2nbx2qo5yUqACgdfVGx7TA==}
    engines: {node: '>=12'}
    cpu: [ia32]
    os: [linux]

  '@esbuild/linux-loong64@0.18.20':
    resolution: {integrity: sha512-nXW8nqBTrOpDLPgPY9uV+/1DjxoQ7DoB2N8eocyq8I9XuqJ7BiAMDMf9n1xZM9TgW0J8zrquIb/A7s3BJv7rjg==}
    engines: {node: '>=12'}
    cpu: [loong64]
    os: [linux]

  '@esbuild/linux-mips64el@0.18.20':
    resolution: {integrity: sha512-d5NeaXZcHp8PzYy5VnXV3VSd2D328Zb+9dEq5HE6bw6+N86JVPExrA6O68OPwobntbNJ0pzCpUFZTo3w0GyetQ==}
    engines: {node: '>=12'}
    cpu: [mips64el]
    os: [linux]

  '@esbuild/linux-ppc64@0.18.20':
    resolution: {integrity: sha512-WHPyeScRNcmANnLQkq6AfyXRFr5D6N2sKgkFo2FqguP44Nw2eyDlbTdZwd9GYk98DZG9QItIiTlFLHJHjxP3FA==}
    engines: {node: '>=12'}
    cpu: [ppc64]
    os: [linux]

  '@esbuild/linux-riscv64@0.18.20':
    resolution: {integrity: sha512-WSxo6h5ecI5XH34KC7w5veNnKkju3zBRLEQNY7mv5mtBmrP/MjNBCAlsM2u5hDBlS3NGcTQpoBvRzqBcRtpq1A==}
    engines: {node: '>=12'}
    cpu: [riscv64]
    os: [linux]

  '@esbuild/linux-s390x@0.18.20':
    resolution: {integrity: sha512-+8231GMs3mAEth6Ja1iK0a1sQ3ohfcpzpRLH8uuc5/KVDFneH6jtAJLFGafpzpMRO6DzJ6AvXKze9LfFMrIHVQ==}
    engines: {node: '>=12'}
    cpu: [s390x]
    os: [linux]

  '@esbuild/linux-x64@0.18.20':
    resolution: {integrity: sha512-UYqiqemphJcNsFEskc73jQ7B9jgwjWrSayxawS6UVFZGWrAAtkzjxSqnoclCXxWtfwLdzU+vTpcNYhpn43uP1w==}
    engines: {node: '>=12'}
    cpu: [x64]
    os: [linux]

  '@esbuild/netbsd-x64@0.18.20':
    resolution: {integrity: sha512-iO1c++VP6xUBUmltHZoMtCUdPlnPGdBom6IrO4gyKPFFVBKioIImVooR5I83nTew5UOYrk3gIJhbZh8X44y06A==}
    engines: {node: '>=12'}
    cpu: [x64]
    os: [netbsd]

  '@esbuild/openbsd-x64@0.18.20':
    resolution: {integrity: sha512-e5e4YSsuQfX4cxcygw/UCPIEP6wbIL+se3sxPdCiMbFLBWu0eiZOJ7WoD+ptCLrmjZBK1Wk7I6D/I3NglUGOxg==}
    engines: {node: '>=12'}
    cpu: [x64]
    os: [openbsd]

  '@esbuild/sunos-x64@0.18.20':
    resolution: {integrity: sha512-kDbFRFp0YpTQVVrqUd5FTYmWo45zGaXe0X8E1G/LKFC0v8x0vWrhOWSLITcCn63lmZIxfOMXtCfti/RxN/0wnQ==}
    engines: {node: '>=12'}
    cpu: [x64]
    os: [sunos]

  '@esbuild/win32-arm64@0.18.20':
    resolution: {integrity: sha512-ddYFR6ItYgoaq4v4JmQQaAI5s7npztfV4Ag6NrhiaW0RrnOXqBkgwZLofVTlq1daVTQNhtI5oieTvkRPfZrePg==}
    engines: {node: '>=12'}
    cpu: [arm64]
    os: [win32]

  '@esbuild/win32-ia32@0.18.20':
    resolution: {integrity: sha512-Wv7QBi3ID/rROT08SABTS7eV4hX26sVduqDOTe1MvGMjNd3EjOz4b7zeexIR62GTIEKrfJXKL9LFxTYgkyeu7g==}
    engines: {node: '>=12'}
    cpu: [ia32]
    os: [win32]

  '@esbuild/win32-x64@0.18.20':
    resolution: {integrity: sha512-kTdfRcSiDfQca/y9QIkng02avJ+NCaQvrMejlsB3RRv5sE9rRoeBPISaZpKxHELzRxZyLvNts1P27W3wV+8geQ==}
    engines: {node: '>=12'}
    cpu: [x64]
    os: [win32]

  '@jest/schemas@29.6.3':
    resolution: {integrity: sha512-mo5j5X+jIZmJQveBKeS/clAueipV7KgiX1vMgCxam1RNYiqE1w62n0/tJJnHtjW8ZHcQco5gY85jA3mi0L+nSA==}
    engines: {node: ^14.15.0 || ^16.10.0 || >=18.0.0}

  '@jridgewell/sourcemap-codec@1.4.15':
    resolution: {integrity: sha512-eF2rxCRulEKXHTRiDrDy6erMYWqNw4LPdQ8UQA4huuxaQsVeRPFl2oM8oDGxMFhJUWZf9McpLtJasDDZb/Bpeg==}

  '@simple-libs/child-process-utils@1.0.1':
    resolution: {integrity: sha512-3nWd8irxvDI6v856wpPCHZ+08iQR0oHTZfzAZmnbsLzf+Sf1odraP6uKOHDZToXq3RPRV/LbqGVlSCogm9cJjg==}
    engines: {node: '>=18'}

  '@simple-libs/stream-utils@1.1.0':
    resolution: {integrity: sha512-6rsHTjodIn/t90lv5snQjRPVtOosM7Vp0AKdrObymq45ojlgVwnpAqdc+0OBBrpEiy31zZ6/TKeIVqV1HwvnuQ==}
    engines: {node: '>=18'}

  '@sinclair/typebox@0.27.8':
    resolution: {integrity: sha512-+Fj43pSMwJs4KRrH/938Uf+uAELIgVBmQzg/q1YG10djyfA3TnrU8N8XzqCh/okZdszqBQTZf96idMfE5lnwTA==}

  '@types/chai-subset@1.3.3':
    resolution: {integrity: sha512-frBecisrNGz+F4T6bcc+NLeolfiojh5FxW2klu669+8BARtyQv2C/GkNW6FUodVe4BroGMP/wER/YDGc7rEllw==}

  '@types/chai@4.3.5':
    resolution: {integrity: sha512-mEo1sAde+UCE6b2hxn332f1g1E8WfYRu6p5SvTKr2ZKC1f7gFJXk4h5PyGP9Dt6gCaG8y8XhwnXWC6Iy2cmBng==}

  '@types/node@22.16.0':
    resolution: {integrity: sha512-B2egV9wALML1JCpv3VQoQ+yesQKAmNMBIAY7OteVrikcOcAkWm+dGL6qpeCktPjAv6N1JLnhbNiqS35UpFyBsQ==}

  '@types/node@24.0.10':
    resolution: {integrity: sha512-ENHwaH+JIRTDIEEbDK6QSQntAYGtbvdDXnMXnZaZ6k13Du1dPMmprkEHIL7ok2Wl2aZevetwTAb5S+7yIF+enA==}

  '@types/normalize-package-data@2.4.4':
    resolution: {integrity: sha512-37i+OaWTh9qeK4LSHPsyRC7NahnGotNuZvjLSgcPzblpHB3rrCJxAOgI5gCdKm7coonsaX1Of0ILiTcnZjbfxA==}

  '@types/prop-types@15.7.5':
    resolution: {integrity: sha512-JCB8C6SnDoQf0cNycqd/35A7MjcnK+ZTqE7judS6o7utxUCg6imJg3QK2qzHKszlTjcj2cn+NwMB2i96ubpj7w==}

  '@types/react@18.2.21':
    resolution: {integrity: sha512-neFKG/sBAwGxHgXiIxnbm3/AAVQ/cMRS93hvBpg8xYRbeQSPVABp9U2bRnPf0iI4+Ucdv3plSxKK+3CW2ENJxA==}

  '@types/scheduler@0.16.3':
    resolution: {integrity: sha512-5cJ8CB4yAx7BH1oMvdU0Jh9lrEXyPkar6F9G/ERswkCuvP4KQZfZkSjcMbAICCpQTN4OuZn8tz0HiKv9TGZgrQ==}

  '@vitest/expect@0.34.3':
    resolution: {integrity: sha512-F8MTXZUYRBVsYL1uoIft1HHWhwDbSzwAU9Zgh8S6WFC3YgVb4AnFV2GXO3P5Em8FjEYaZtTnQYoNwwBrlOMXgg==}

  '@vitest/runner@0.34.3':
    resolution: {integrity: sha512-lYNq7N3vR57VMKMPLVvmJoiN4bqwzZ1euTW+XXYH5kzr3W/+xQG3b41xJn9ChJ3AhYOSoweu974S1V3qDcFESA==}

  '@vitest/spy@0.34.3':
    resolution: {integrity: sha512-N1V0RFQ6AI7CPgzBq9kzjRdPIgThC340DGjdKdPSE8r86aUSmeliTUgkTqLSgtEwWWsGfBQ+UetZWhK0BgJmkQ==}

  '@vitest/utils@0.34.3':
    resolution: {integrity: sha512-kiSnzLG6m/tiT0XEl4U2H8JDBjFtwVlaE8I3QfGiMFR0QvnRDfYfdP3YvTBWM/6iJDAyaPY6yVQiCTUc7ZzTHA==}

  acorn-walk@8.2.0:
    resolution: {integrity: sha512-k+iyHEuPgSw6SbuDpGQM+06HQUa04DZ3o+F6CSzXMvvI5KMvnaEqXe+YVe555R9nn6GPt404fos4wcgpw12SDA==}
    engines: {node: '>=0.4.0'}

  acorn@8.10.0:
    resolution: {integrity: sha512-F0SAmZ8iUtS//m8DmCTA0jlh6TDKkHQyK6xc6V4KDTyZKA9dnvX9/3sRTVQrWm79glUAZbnmmNcdYwUIHWVybw==}
    engines: {node: '>=0.4.0'}
    hasBin: true

  ansi-regex@3.0.1:
    resolution: {integrity: sha512-+O9Jct8wf++lXxxFc4hc8LsjaSq0HFzzL7cVsw8pRDIPdjKD2mT4ytDZlLuSBZ4cLKZFXIrMGO7DbQCtMJJMKw==}
    engines: {node: '>=4'}

  ansi-styles@5.2.0:
    resolution: {integrity: sha512-Cxwpt2SfTzTtXcfOlzGEee8O+c+MmUgGrNiBcXnuWxuFJHe6a5Hz7qwhwe5OgaSYI0IJvkLqWX1ASG+cJOkEiA==}
    engines: {node: '>=10'}

  array-ify@1.0.0:
    resolution: {integrity: sha512-c5AMf34bKdvPhQ7tBGhqkgKNUzMr4WUs+WDtC2ZUGOUncbxKMTvqxYctiseW3+L4bA8ec+GcZ6/A/FW4m8ukng==}

  assertion-error@1.1.0:
    resolution: {integrity: sha512-jgsaNduz+ndvGyFt3uSuWqvy4lCnIJiovtouQN5JZHOKCS2QuhEdbcQHFhVksz2N2U9hXJo8odG7ETyWlEeuDw==}

  balanced-match@1.0.2:
    resolution: {integrity: sha512-3oSeUO0TMV67hN1AmbXsK4yaqU7tjiHlbxRDZOpH0KW9+CeX4bRAaX0Anxt0tx2MrpRpWwQaPwIlISEJhYU5Pw==}

  brace-expansion@1.1.11:
    resolution: {integrity: sha512-iCuPHDFgrHX7H2vEI/5xpz07zSHB00TpugqhmYtVmMO6518mCuRMoOYFldEBl0g187ufozdaHgWKcYFb61qGiA==}

  cac@6.7.14:
    resolution: {integrity: sha512-b6Ilus+c3RrdDk+JhLKUAQfzzgLEPy6wcXqS7f/xe1EETvsDP6GORG7SFuOs6cID5YkqchW/LXZbX5bc8j7ZcQ==}
    engines: {node: '>=8'}

  chai@4.3.8:
    resolution: {integrity: sha512-vX4YvVVtxlfSZ2VecZgFUTU5qPCYsobVI2O9FmwEXBhDigYGQA6jRXCycIs1yJnnWbZ6/+a2zNIF5DfVCcJBFQ==}
    engines: {node: '>=4'}

  check-error@1.0.2:
    resolution: {integrity: sha512-BrgHpW9NURQgzoNyjfq0Wu6VFO6D7IZEmJNdtgNqpzGG8RuNFHt2jQxWlAs4HMe119chBnv+34syEZtc6IhLtA==}

  commander@11.1.0:
    resolution: {integrity: sha512-yPVavfyCcRhmorC7rWlkHn15b4wDVgVmBA7kV4QVBsF7kv/9TKJAbAXVTxvTnwP8HHKjRCJDClKbciiYS7p0DQ==}
    engines: {node: '>=16'}

  compare-func@2.0.0:
    resolution: {integrity: sha512-zHig5N+tPWARooBnb0Zx1MFcdfpyJrfTJ3Y5L+IFvUm8rM74hHz66z0gw0x4tijh5CorKkKUCnW82R2vmpeCRA==}

  concat-map@0.0.1:
    resolution: {integrity: sha512-/Srv4dswyQNBfohGpz9o6Yb3Gz3SrUDqBH5rTuhGR7ahtlbYKnVxw2bCFMRljaA7EXHaXZ8wsHdodFvbkhKmqg==}

  conventional-changelog-angular@8.0.0:
    resolution: {integrity: sha512-CLf+zr6St0wIxos4bmaKHRXWAcsCXrJU6F4VdNDrGRK3B8LDLKoX3zuMV5GhtbGkVR/LohZ6MT6im43vZLSjmA==}
    engines: {node: '>=18'}

  conventional-changelog-preset-loader@5.0.0:
    resolution: {integrity: sha512-SetDSntXLk8Jh1NOAl1Gu5uLiCNSYenB5tm0YVeZKePRIgDW9lQImromTwLa3c/Gae298tsgOM+/CYT9XAl0NA==}
    engines: {node: '>=18'}

  conventional-changelog-writer@8.1.0:
    resolution: {integrity: sha512-dpC440QnORNCO81XYuRRFOLCsjKj4W7tMkUIn3lR6F/FAaJcWLi7iCj6IcEvSQY2zw6VUgwUKd5DEHKEWrpmEQ==}
    engines: {node: '>=18'}
    hasBin: true

  conventional-changelog@7.0.2:
    resolution: {integrity: sha512-dz38xbKg2Nzd2zoPY1PXPq7skbN1tdx402OkcirIE44LetmoWODmt4h/6AwtQb6+ZHjbmMfW6Jxt4dyGt5P8cw==}
    engines: {node: '>=18'}
    hasBin: true

  conventional-commits-filter@5.0.0:
    resolution: {integrity: sha512-tQMagCOC59EVgNZcC5zl7XqO30Wki9i9J3acbUvkaosCT6JX3EeFwJD7Qqp4MCikRnzS18WXV3BLIQ66ytu6+Q==}
    engines: {node: '>=18'}

  conventional-commits-parser@6.2.0:
    resolution: {integrity: sha512-uLnoLeIW4XaoFtH37qEcg/SXMJmKF4vi7V0H2rnPueg+VEtFGA/asSCNTcq4M/GQ6QmlzchAEtOoDTtKqWeHag==}
    engines: {node: '>=18'}
    hasBin: true

  cross-spawn@7.0.3:
    resolution: {integrity: sha512-iRDPJKUPVEND7dHPO8rkbOnPpyDygcDFtWjpeWNCgy8WP2rXcxXL8TskReQl6OrB2G7+UJrags1q15Fudc7G6w==}
    engines: {node: '>= 8'}

  csstype@3.1.2:
    resolution: {integrity: sha512-I7K1Uu0MBPzaFKg4nI5Q7Vs2t+3gWWW648spaF+Rg7pI9ds18Ugn+lvg4SHczUdKlHI5LWBXyqfS8+DufyBsgQ==}

  debug@4.3.4:
    resolution: {integrity: sha512-PRWFHuSU3eDtQJPvnNY7Jcket1j0t5OuOsFzPPzsekD52Zl8qUfFIPEiswXqIvHWGVHOgX+7G/vCNNhehwxfkQ==}
    engines: {node: '>=6.0'}
    peerDependencies:
      supports-color: '*'
    peerDependenciesMeta:
      supports-color:
        optional: true

  deep-eql@4.1.3:
    resolution: {integrity: sha512-WaEtAOpRA1MQ0eohqZjpGD8zdI0Ovsm8mmFhaDN8dvDZzyoUMcYDnf5Y6iu7HTXxf8JDS23qWa4a+hKCDyOPzw==}
    engines: {node: '>=6'}

  diff-sequences@29.6.3:
    resolution: {integrity: sha512-EjePK1srD3P08o2j4f0ExnylqRs5B9tJjcp9t1krH2qRi8CCdsYfwe9JgSLurFBWwq4uOlipzfk5fHNvwFKr8Q==}
    engines: {node: ^14.15.0 || ^16.10.0 || >=18.0.0}

  dot-prop@5.3.0:
    resolution: {integrity: sha512-QM8q3zDe58hqUqjraQOmzZ1LIH9SWQJTlEKCH4kJ2oQvLZk7RbQXvtDM2XEq3fwkV9CCvvH4LA0AV+ogFsBM2Q==}
    engines: {node: '>=8'}

  esbuild@0.18.20:
    resolution: {integrity: sha512-ceqxoedUrcayh7Y7ZX6NdbbDzGROiyVBgC4PriJThBKSVPWnnFHZAkfI1lJT8QFkOwH4qOS2SJkS4wvpGl8BpA==}
    engines: {node: '>=12'}
    hasBin: true

  execa@5.1.1:
    resolution: {integrity: sha512-8uSpZZocAZRBAPIEINJj3Lo9HyGitllczc27Eh5YYojjMFMn8yHMDMaUHE2Jqfq05D/wucwI4JGURyXt1vchyg==}
    engines: {node: '>=10'}

  fd-package-json@1.2.0:
    resolution: {integrity: sha512-45LSPmWf+gC5tdCQMNH4s9Sr00bIkiD9aN7dc5hqkrEw1geRYyDQS1v1oMHAW3ysfxfndqGsrDREHHjNNbKUfA==}

  find-up@2.1.0:
    resolution: {integrity: sha512-NWzkk0jSJtTt08+FBFMvXoeZnOJD+jTtsRmBYbAIzJdX6l7dLgR7CTubCM5/eDdPUBvLCeVasP1brfVR/9/EZQ==}
    engines: {node: '>=4'}

  fs.realpath@1.0.0:
    resolution: {integrity: sha512-OO0pH2lK6a0hZnAdau5ItzHPI6pUlvI7jMVnxUQRtw4owF2wk8lOSabtGDCTP4Ggrg2MbGnWO9X8K1t4+fGMDw==}

  fsevents@2.3.3:
    resolution: {integrity: sha512-5xoDfX+fL7faATnagmWPpbFtwh/R77WmMMqqHGS65C3vvB0YHrgF+B1YmZ3441tMj5n63k0212XNoJwzlhffQw==}
    engines: {node: ^8.16.0 || ^10.6.0 || >=11.0.0}
    os: [darwin]

  get-func-name@2.0.0:
    resolution: {integrity: sha512-Hm0ixYtaSZ/V7C8FJrtZIuBBI+iSgL+1Aq82zSu8VQNB4S3Gk8e7Qs3VwBDJAhmRZcFqkl3tQu36g/Foh5I5ig==}

  get-stream@6.0.1:
    resolution: {integrity: sha512-ts6Wi+2j3jQjqi70w5AlN8DFnkSwC+MqmxEzdEALB2qXZYV3X/b1CTfgPLGJNMeAWxdPfU8FO1ms3NUfaHCPYg==}
    engines: {node: '>=10'}

  glob-gitignore@1.0.14:
    resolution: {integrity: sha512-YuAEPqL58bOQDqDF2kMv009rIjSAtPs+WPzyGbwRWK+wD0UWQVRoP34Pz6yJ6ivco65C9tZnaIt0I3JCuQ8NZQ==}
    engines: {node: '>= 6'}

  glob@7.2.3:
    resolution: {integrity: sha512-nFR0zLpU2YCaRxwoCJvL6UvCH2JFyFVIvwTLsIf21AuHlMskA1hhTdk+LlYJtOlYt9v6dvszD2BGRqBL+iQK9Q==}

  handlebars@4.7.8:
    resolution: {integrity: sha512-vafaFqs8MZkRrSX7sFVUdo3ap/eNiLnb4IakshzvP56X5Nr1iGKAIqdX6tMlm6HcNRIkr6AxO5jFEoJzzpT8aQ==}
    engines: {node: '>=0.4.7'}
    hasBin: true

  hosted-git-info@8.1.0:
    resolution: {integrity: sha512-Rw/B2DNQaPBICNXEm8balFz9a6WpZrkCGpcWFpy7nCj+NyhSdqXipmfvtmWt9xGfp0wZnBxB+iVpLmQMYt47Tw==}
    engines: {node: ^18.17.0 || >=20.5.0}

  human-signals@2.1.0:
    resolution: {integrity: sha512-B4FFZ6q/T2jhhksgkbEW3HBvWIfDW85snkQgawt07S7J5QXTk6BkNV+0yAeZrM5QpMAdYlocGoljn0sJ/WQkFw==}
    engines: {node: '>=10.17.0'}

  ignore@3.3.10:
    resolution: {integrity: sha512-Pgs951kaMm5GXP7MOvxERINe3gsaVjUWFm+UZPSq9xYriQAksyhg0csnS0KXSNRD5NmNdapXEpjxG49+AKh/ug==}

  ignore@5.2.4:
    resolution: {integrity: sha512-MAb38BcSbH0eHNBxn7ql2NH/kX33OkB3lZ1BNdh7ENeRChHTYsTvWrMubiIAMNS2llXEEgZ1MUOBtXChP3kaFQ==}
    engines: {node: '>= 4'}

  inflight@1.0.6:
    resolution: {integrity: sha512-k92I/b08q4wvFscXCLvqfsHCrjrF7yiXsQuIVvVE7N82W3+aqpzuUdBbfhWcy/FZR3/4IgflMgKLOsvPDrGCJA==}

  inherits@2.0.4:
    resolution: {integrity: sha512-k/vGaX4/Yla3WzyMCvTQOXYeIHvqOKtnqBduzTHpzpQZzAskKMhZ2K+EnBiSM9zGSoIFeMpXKxa4dYeZIQqewQ==}

  is-fullwidth-code-point@2.0.0:
    resolution: {integrity: sha512-VHskAKYM8RfSFXwee5t5cbN5PZeq1Wrh6qd5bkyiXIf6UQcN6w/A0eXM9r6t8d+GYOh+o6ZhiEnb88LN/Y8m2w==}
    engines: {node: '>=4'}

  is-obj@2.0.0:
    resolution: {integrity: sha512-drqDG3cbczxxEJRoOXcOjtdp1J/lyp1mNn0xaznRs8+muBhgQcrnbspox5X5fOw0HnMnbfDzvnEMEtqDEJEo8w==}
    engines: {node: '>=8'}

  is-stream@2.0.1:
    resolution: {integrity: sha512-hFoiJiTl63nn+kstHGBtewWSKnQLpyb155KHheA1l39uvtO9nWIop1p3udqPcUd/xbF1VLMO4n7OI6p7RbngDg==}
    engines: {node: '>=8'}

  isexe@2.0.0:
    resolution: {integrity: sha512-RHxMLp9lnKHGHRng9QFhRCMbYAcVpn69smSGcq3f36xjgVVWThj4qqLbTLlq7Ssj8B+fIQ1EuCEGI2lKsyQeIw==}

  js-tokens@4.0.0:
    resolution: {integrity: sha512-RdJUflcE3cUzKiMqQgsCu06FPu9UdIJO0beYbPhHN4k6apgJtifcoCtT9bcxOpYBtpD2kCM6Sbzg4CausW/PKQ==}

  jsonc-parser@3.2.0:
    resolution: {integrity: sha512-gfFQZrcTc8CnKXp6Y4/CBT3fTc0OVuDofpre4aEeEpSBPV5X5v4+Vmx+8snU7RLPrNHPKSgLxGo9YuQzz20o+w==}

  local-pkg@0.4.3:
    resolution: {integrity: sha512-SFppqq5p42fe2qcZQqqEOiVRXl+WCP1MdT6k7BDEW1j++sp5fIY+/fdRQitvKgB5BrBcmrs5m/L0v2FrU5MY1g==}
    engines: {node: '>=14'}

  locate-path@2.0.0:
    resolution: {integrity: sha512-NCI2kiDkyR7VeEKm27Kda/iQHyKJe1Bu0FlTbYp3CqJu+9IFe9bLyAjMxf5ZDDbEg+iMPzB5zYyUTSm8wVTKmA==}
    engines: {node: '>=4'}

  lodash.difference@4.5.0:
    resolution: {integrity: sha512-dS2j+W26TQ7taQBGN8Lbbq04ssV3emRw4NY58WErlTO29pIqS0HmoT5aJ9+TUQ1N3G+JOZSji4eugsWwGp9yPA==}

  lodash.escaperegexp@4.1.2:
    resolution: {integrity: sha512-TM9YBvyC84ZxE3rgfefxUWiQKLilstD6k7PTGt6wfbtXF8ixIJLOL3VYyV/z+ZiPLsVxAsKAFVwWlWeb2Y8Yyw==}

  lodash.isequal@4.5.0:
    resolution: {integrity: sha512-pDo3lu8Jhfjqls6GkMgpahsF9kCyayhgykjyLMNFTKWrpVdAQtYyB4muAMWozBB4ig/dtWAmsMxLEI8wuz+DYQ==}

  lodash.union@4.6.0:
    resolution: {integrity: sha512-c4pB2CdGrGdjMKYLA+XiRDO7Y0PRQbm/Gzg8qMj+QH+pFVAoTp5sBpO0odL3FjoPCGjK96p6qsP+yQoiLoOBcw==}

  loose-envify@1.4.0:
    resolution: {integrity: sha512-lyuxPGr/Wfhrlem2CL/UcnUc1zcqKAImBDzukY7Y5F/yQiNdko6+fRLevlw1HgMySw7f611UIY408EtxRSoK3Q==}
    hasBin: true

  loupe@2.3.6:
    resolution: {integrity: sha512-RaPMZKiMy8/JruncMU5Bt6na1eftNoo++R4Y+N2FrxkDVTrGvcyzFTsaGif4QTeKESheMGegbhw6iUAq+5A8zA==}

  lru-cache@10.2.2:
    resolution: {integrity: sha512-9hp3Vp2/hFQUiIwKo8XCeFVnrg8Pk3TYNPIR7tJADKi5YfcF7vEaK7avFHTlSy3kOKYaJQaalfEo6YuXdceBOQ==}
    engines: {node: 14 || >=16.14}

  lru-cache@6.0.0:
    resolution: {integrity: sha512-Jo6dJ04CmSjuznwJSS3pUeWmd/H0ffTlkXXgwZi+eq1UCmqQwCh+eLsYOYCwY991i2Fah4h1BEMCx4qThGbsiA==}
    engines: {node: '>=10'}

  magic-string@0.30.3:
    resolution: {integrity: sha512-B7xGbll2fG/VjP+SWg4sX3JynwIU0mjoTc6MPpKNuIvftk6u6vqhDnk1R80b8C2GBR6ywqy+1DcKBrevBg+bmw==}
    engines: {node: '>=12'}

  make-array@1.0.5:
    resolution: {integrity: sha512-sgK2SAzxT19rWU+qxKUcn6PAh/swiIiz2F8C2cZjLc1z4iwYIfdoihqFIDQ8BDzAGtWPYJ6Sr13K1j/DXynDLA==}
    engines: {node: '>=0.10.0'}

  meow@13.2.0:
    resolution: {integrity: sha512-pxQJQzB6djGPXh08dacEloMFopsOqGVRKFPYvPOt9XDZ1HasbgDZA74CJGreSU4G3Ak7EFJGoiH2auq+yXISgA==}
    engines: {node: '>=18'}

  merge-stream@2.0.0:
    resolution: {integrity: sha512-abv/qOcuPfk3URPfDzmZU1LKmuw8kT+0nIHvKrKgFrwifol/doWcdA4ZqsWQ8ENrFKkd67Mfpo/LovbIUsbt3w==}

  mimic-fn@2.1.0:
    resolution: {integrity: sha512-OqbOk5oEQeAZ8WXWydlu9HJjz9WVdEIvamMCcXmuqUYjTknH/sqsWvhQ3vgwKFRR1HpjvNBKQ37nbJgYzGqGcg==}
    engines: {node: '>=6'}

  minimatch@3.1.2:
    resolution: {integrity: sha512-J7p63hRiAjw1NDEww1W7i37+ByIrOWO5XQQAzZ3VOcL0PNybwpfmV/N05zFAzwQ9USyEcX6t3UO+K5aqBQOIHw==}

  minimist@1.2.8:
    resolution: {integrity: sha512-2yyAR8qBkN3YuheJanUpWC5U3bb5osDywNB8RzDVlDwDHbocAJveqqj1u8+SVD7jkWT4yvsHCpWqqWqAxb0zCA==}

  mlly@1.4.1:
    resolution: {integrity: sha512-SCDs78Q2o09jiZiE2WziwVBEqXQ02XkGdUy45cbJf+BpYRIjArXRJ1Wbowxkb+NaM9DWvS3UC9GiO/6eqvQ/pg==}

  ms@2.1.2:
    resolution: {integrity: sha512-sGkPx+VjMtmA6MX27oA4FBFELFCZZ4S4XqeGOXCv68tT+jb3vk/RyaKWP0PTKyWtmLSM0b+adUTEvbs1PEaH2w==}

  nanoid@3.3.6:
    resolution: {integrity: sha512-BGcqMMJuToF7i1rt+2PWSNVnWIkGCU78jBG3RxO/bZlnZPK2Cmi2QaffxGO/2RvWi9sL+FAiRiXMgsyxQ1DIDA==}
    engines: {node: ^10 || ^12 || ^13.7 || ^14 || >=15.0.1}
    hasBin: true

  neo-async@2.6.2:
    resolution: {integrity: sha512-Yd3UES5mWCSqR+qNT93S3UoYUkqAZ9lLg8a7g9rimsWmYGK8cVToA4/sF3RrshdyV3sAGMXVUmpMYOw+dLpOuw==}

  normalize-package-data@7.0.0:
    resolution: {integrity: sha512-k6U0gKRIuNCTkwHGZqblCfLfBRh+w1vI6tBo+IeJwq2M8FUiOqhX7GH+GArQGScA7azd1WfyRCvxoXDO3hQDIA==}
    engines: {node: ^18.17.0 || >=20.5.0}

  npm-run-path@4.0.1:
    resolution: {integrity: sha512-S48WzZW777zhNIrn7gxOlISNAqi9ZC/uQFnRdbeIHhZhCA6UqpkOT8T1G7BvfdgP4Er8gF4sUbaS0i7QvIfCWw==}
    engines: {node: '>=8'}

  object-assign@4.1.1:
    resolution: {integrity: sha512-rJgTQnkUnH1sFw8yT6VSU3zD3sWmu6sZhIseY8VX+GRu3P6F7Fu+JNDoXfklElbLJSnc3FUQHVe4cU5hj+BcUg==}
    engines: {node: '>=0.10.0'}

  once@1.4.0:
    resolution: {integrity: sha512-lNaJgI+2Q5URQBkccEKHTQOPaXdUxnZZElQTZY0MFUAuaEqe1E+Nyvgdz/aIyNi6Z9MzO5dv1H8n58/GELp3+w==}

  onetime@5.1.2:
    resolution: {integrity: sha512-kbpaSSGJTWdAY5KPVeMOKXSrPtr8C8C7wodJbcsd51jRnmD+GZu8Y0VoU6Dm5Z4vWr0Ig/1NKuWRKf7j5aaYSg==}
    engines: {node: '>=6'}

  p-limit@1.3.0:
    resolution: {integrity: sha512-vvcXsLAJ9Dr5rQOPk7toZQZJApBl2K4J6dANSsEuh6QI41JYcsS/qhTGa9ErIUUgK3WNQoJYvylxvjqmiqEA9Q==}
    engines: {node: '>=4'}

  p-limit@4.0.0:
    resolution: {integrity: sha512-5b0R4txpzjPWVw/cXXUResoD4hb6U/x9BH08L7nw+GN1sezDzPdxeRvpc9c433fZhBan/wusjbCsqwqm4EIBIQ==}
    engines: {node: ^12.20.0 || ^14.13.1 || >=16.0.0}

  p-locate@2.0.0:
    resolution: {integrity: sha512-nQja7m7gSKuewoVRen45CtVfODR3crN3goVQ0DDZ9N3yHxgpkuBhZqsaiotSQRrADUrne346peY7kT3TSACykg==}
    engines: {node: '>=4'}

  p-try@1.0.0:
    resolution: {integrity: sha512-U1etNYuMJoIz3ZXSrrySFjsXQTWOx2/jdi86L+2pRvph/qMKL6sbcCYdH23fqsbm8TH2Gn0OybpT4eSFlCVHww==}
    engines: {node: '>=4'}

  path-exists@3.0.0:
    resolution: {integrity: sha512-bpC7GYwiDYQ4wYLe+FA8lhRjhQCMcQGuSgGGqDkg/QerRWw9CmGRT0iSOVRSZJ29NMLZgIzqaljJ63oaL4NIJQ==}
    engines: {node: '>=4'}

  path-is-absolute@1.0.1:
    resolution: {integrity: sha512-AVbw3UJ2e9bq64vSaS9Am0fje1Pa8pbGqTTsmXfaIiMpnr5DlDhfJOuLj9Sf95ZPVDAUerDfEk88MPmPe7UCQg==}
    engines: {node: '>=0.10.0'}

  path-key@3.1.1:
    resolution: {integrity: sha512-ojmeN0qd+y0jszEtoY48r0Peq5dwMEkIlCOu6Q5f41lfkswXuKtYrhgoTpLnyIcHm24Uhqx+5Tqm2InSwLhE6Q==}
    engines: {node: '>=8'}

  pathe@1.1.1:
    resolution: {integrity: sha512-d+RQGp0MAYTIaDBIMmOfMwz3E+LOZnxx1HZd5R18mmCZY0QBlK0LDZfPc8FW8Ed2DlvsuE6PRjroDY+wg4+j/Q==}

  pathval@1.1.1:
    resolution: {integrity: sha512-Dp6zGqpTdETdR63lehJYPeIOqpiNBNtc7BpWSLrOje7UaIsE5aY92r/AunQA7rsXvet3lrJ3JnZX29UPTKXyKQ==}

  picocolors@1.0.0:
    resolution: {integrity: sha512-1fygroTLlHu66zi26VoTDv8yRgm0Fccecssto+MhsZ0D/DGW2sm8E8AjW7NU5VVTRt5GxbeZ5qBuJr+HyLYkjQ==}

  pkg-types@1.0.3:
    resolution: {integrity: sha512-nN7pYi0AQqJnoLPC9eHFQ8AcyaixBUOwvqc5TDnIKCMEE6I0y8P7OKA7fPexsXGCGxQDl/cmrLAp26LhcwxZ4A==}

  postcss@8.4.29:
    resolution: {integrity: sha512-cbI+jaqIeu/VGqXEarWkRCCffhjgXc0qjBtXpqJhTBohMUjUQnbBr0xqX3vEKudc4iviTewcJo5ajcec5+wdJw==}
    engines: {node: ^10 || ^12 || >=14}

  prettier@3.2.5:
    resolution: {integrity: sha512-3/GWa9aOC0YeD7LUfvOG2NiDyhOWRvt1k+rcKhOuYnMY24iiCphgneUfJDyFXd6rZCAnuLBv6UeAULtrhT/F4A==}
    engines: {node: '>=14'}
    hasBin: true

  pretty-format@29.6.3:
    resolution: {integrity: sha512-ZsBgjVhFAj5KeK+nHfF1305/By3lechHQSMWCTl8iHSbfOm2TN5nHEtFc/+W7fAyUeCs2n5iow72gld4gW0xDw==}
    engines: {node: ^14.15.0 || ^16.10.0 || >=18.0.0}

  react-is@18.2.0:
    resolution: {integrity: sha512-xWGDIW6x921xtzPkhiULtthJHoJvBbF3q26fzloPCK0hsvxtPVelvftw3zjbHWSkR2km9Z+4uxbDDK/6Zw9B8w==}

  react@17.0.2:
    resolution: {integrity: sha512-gnhPt75i/dq/z3/6q/0asP78D0u592D5L1pd7M8P+dck6Fu/jJeL6iVVK23fptSUZj8Vjf++7wXA8UNclGQcbA==}
    engines: {node: '>=0.10.0'}

  reassert@1.1.21:
    resolution: {integrity: sha512-Ff2/AaIE5LDTrsEBUDKFb65klJki9xibTKi7loj9bGxBrQBb4BubgvJLEyKRlzrr4SFmg0QzfdcTojU9NHn0Zw==}

  rollup@3.28.1:
    resolution: {integrity: sha512-R9OMQmIHJm9znrU3m3cpE8uhN0fGdXiawME7aZIpQqvpS/85+Vt1Hq1/yVIcYfOmaQiHjvXkQAoJukvLpau6Yw==}
    engines: {node: '>=14.18.0', npm: '>=8.0.0'}
    hasBin: true

  semver@7.5.4:
    resolution: {integrity: sha512-1bCSESV6Pv+i21Hvpxp3Dx+pSD8lIPt8uVjRrxAUt/nbswYc+tK6Y2btiULjd4+fnq15PX+nqQDC7Oft7WkwcA==}
    engines: {node: '>=10'}
    hasBin: true

  shebang-command@2.0.0:
    resolution: {integrity: sha512-kHxr2zZpYtdmrN1qDjrrX/Z1rR1kG8Dx+gkpK1G4eXmvXswmcE1hTWBWYUzlraYw1/yZp6YuDY77YtvbN0dmDA==}
    engines: {node: '>=8'}

  shebang-regex@3.0.0:
    resolution: {integrity: sha512-7++dFhtcx3353uBaq8DDR4NuxBetBzC7ZQOhmTQInHEd6bSrXdiEyzCvG07Z44UYdLShWUyXt5M/yhz8ekcb1A==}
    engines: {node: '>=8'}

  siginfo@2.0.0:
    resolution: {integrity: sha512-ybx0WO1/8bSBLEWXZvEd7gMW3Sn3JFlW3TvX1nREbDLRNQNaeNN8WK0meBwPdAaOI7TtRRRJn/Es1zhrrCHu7g==}

  signal-exit@3.0.7:
    resolution: {integrity: sha512-wnD2ZE+l+SPC/uoS0vXeE9L1+0wuaMqKlfz9AMUo38JsyLSBWSFcHR1Rri62LZc12vLr1gb3jl7iwQhgwpAbGQ==}

  source-map-js@1.0.2:
    resolution: {integrity: sha512-R0XvVJ9WusLiqTCEiGCmICCMplcCkIwwR11mOSD9CR5u+IXYdiseeEuXCVAjS54zqwkLcPNnmU4OeJ6tUrWhDw==}
    engines: {node: '>=0.10.0'}

  source-map@0.6.1:
    resolution: {integrity: sha512-UjgapumWlbMhkBgzT7Ykc5YXUT46F0iKu8SGXq0bcwP5dz/h0Plj6enJqjz1Zbq2l5WaqYnrVbwWOWMyF3F47g==}
    engines: {node: '>=0.10.0'}

  spdx-correct@3.2.0:
    resolution: {integrity: sha512-kN9dJbvnySHULIluDHy32WHRUu3Og7B9sbY7tsFLctQkIqnMh3hErYgdMjTYuqmcXX+lK5T1lnUt3G7zNswmZA==}

  spdx-exceptions@2.3.0:
    resolution: {integrity: sha512-/tTrYOC7PPI1nUAgx34hUpqXuyJG+DTHJTnIULG4rDygi4xu/tfgmq1e1cIRwRzwZgo4NLySi+ricLkZkw4i5A==}

  spdx-expression-parse@3.0.1:
    resolution: {integrity: sha512-cbqHunsQWnJNE6KhVSMsMeH5H/L9EpymbzqTQ3uLwNCLZ1Q481oWaofqH7nO6V07xlXwY6PhQdQ2IedWx/ZK4Q==}

  spdx-license-ids@3.0.13:
    resolution: {integrity: sha512-XkD+zwiqXHikFZm4AX/7JSCXA98U5Db4AFd5XUg/+9UNtnH75+Z9KxtpYiJZx36mUDVOwH83pl7yvCer6ewM3w==}

  stackback@0.0.2:
    resolution: {integrity: sha512-1XMJE5fQo1jGH6Y/7ebnwPOBEkIEnT4QF32d5R1+VXdXveM0IBMJt8zfaxX1P3QhVwrYe+576+jkANtSS2mBbw==}

  std-env@3.4.3:
    resolution: {integrity: sha512-f9aPhy8fYBuMN+sNfakZV18U39PbalgjXG3lLB9WkaYTxijru61wb57V9wxxNthXM5Sd88ETBWi29qLAsHO52Q==}

  string-width@2.1.1:
    resolution: {integrity: sha512-nOqH59deCq9SRHlxq1Aw85Jnt4w6KvLKqWVik6oA9ZklXLNIOlqg4F2yrT1MVaTjAqvVwdfeZ7w7aCvJD7ugkw==}
    engines: {node: '>=4'}

  strip-ansi@4.0.0:
    resolution: {integrity: sha512-4XaJ2zQdCzROZDivEVIDPkcQn8LMFSa8kj8Gxb/Lnwzv9A8VctNZ+lfivC/sV3ivW8ElJTERXZoPBRrZKkNKow==}
    engines: {node: '>=4'}

  strip-final-newline@2.0.0:
    resolution: {integrity: sha512-BrpvfNAE3dcvq7ll3xVumzjKjZQ5tI1sEUIKr3Uoks0XUl45St3FlatVqef9prk4jRDzhW6WZg+3bk93y6pLjA==}
    engines: {node: '>=6'}

  strip-literal@1.3.0:
    resolution: {integrity: sha512-PugKzOsyXpArk0yWmUwqOZecSO0GH0bPoctLcqNDH9J04pVW3lflYE0ujElBGTloevcxF5MofAOZ7C5l2b+wLg==}

  tinybench@2.5.0:
    resolution: {integrity: sha512-kRwSG8Zx4tjF9ZiyH4bhaebu+EDz1BOx9hOigYHlUW4xxI/wKIUQUqo018UlU4ar6ATPBsaMrdbKZ+tmPdohFA==}

  tinypool@0.7.0:
    resolution: {integrity: sha512-zSYNUlYSMhJ6Zdou4cJwo/p7w5nmAH17GRfU/ui3ctvjXFErXXkruT4MWW6poDeXgCaIBlGLrfU6TbTXxyGMww==}
    engines: {node: '>=14.0.0'}

  tinyspy@2.1.1:
    resolution: {integrity: sha512-XPJL2uSzcOyBMky6OFrusqWlzfFrXtE0hPuMgW8A2HmaqrPo4ZQHRN/V0QXN3FSjKxpsbRrFc5LI7KOwBsT1/w==}
    engines: {node: '>=14.0.0'}

  type-detect@4.0.8:
    resolution: {integrity: sha512-0fr/mIH1dlO+x7TlcMy+bIDqKPsw/70tVyeHW787goQjhmqaZe10uwLujubK9q9Lg6Fiho1KUKDYz0Z7k7g5/g==}
    engines: {node: '>=4'}

  typescript@5.8.3:
    resolution: {integrity: sha512-p1diW6TqL9L07nNxvRMM7hMMw4c5XOo/1ibL4aAIGmSAt9slTE1Xgw5KWuof2uTOvCg9BY7ZRi+GaF+7sfgPeQ==}
    engines: {node: '>=14.17'}
    hasBin: true

  ufo@1.3.0:
    resolution: {integrity: sha512-bRn3CsoojyNStCZe0BG0Mt4Nr/4KF+rhFlnNXybgqt5pXHNFRlqinSoQaTrGyzE4X8aHplSb+TorH+COin9Yxw==}

  uglify-js@3.17.4:
    resolution: {integrity: sha512-T9q82TJI9e/C1TAxYvfb16xO120tMVFZrGA3f9/P4424DNu6ypK103y0GPFVa17yotwSyZW5iYXgjYHkGrJW/g==}
    engines: {node: '>=0.8.0'}
    hasBin: true

  undici-types@6.21.0:
    resolution: {integrity: sha512-iwDZqg0QAGrg9Rav5H4n0M64c3mkR59cJ6wQp+7C4nI0gsmExaedaYLNO44eT4AtBBwjbTiGPMlt2Md0T9H9JQ==}

  undici-types@7.8.0:
    resolution: {integrity: sha512-9UJ2xGDvQ43tYyVMpuHlsgApydB8ZKfVYTsLDhXkFL/6gfkp+U8xTGdh8pMJv1SpZna0zxG1DwsKZsreLbXBxw==}

  util.inherits@1.0.3:
    resolution: {integrity: sha512-gMirHcfcq5D87nXDwbZqf5vl65S0mpMZBsHXJsXOO3Hc3G+JoQLwgaJa1h+PL7h3WhocnuLqoe8CuvMlztkyCA==}
    engines: {node: '>=4'}

  validate-npm-package-license@3.0.4:
    resolution: {integrity: sha512-DpKm2Ui/xN7/HQKCtpZxoRWBhZ9Z0kqtygG8XCgNQ8ZlDnxuQmWhj566j8fN4Cu3/JmbhsDo7fcAJq4s9h27Ew==}

  vite-node@0.34.3:
    resolution: {integrity: sha512-+0TzJf1g0tYXj6tR2vEyiA42OPq68QkRZCu/ERSo2PtsDJfBpDyEfuKbRvLmZqi/CgC7SCBtyC+WjTGNMRIaig==}
    engines: {node: '>=v14.18.0'}
    hasBin: true

  vite@4.4.9:
    resolution: {integrity: sha512-2mbUn2LlUmNASWwSCNSJ/EG2HuSRTnVNaydp6vMCm5VIqJsjMfbIWtbH2kDuwUVW5mMUKKZvGPX/rqeqVvv1XA==}
    engines: {node: ^14.18.0 || >=16.0.0}
    hasBin: true
    peerDependencies:
      '@types/node': '>= 14'
      less: '*'
      lightningcss: ^1.21.0
      sass: '*'
      stylus: '*'
      sugarss: '*'
      terser: ^5.4.0
    peerDependenciesMeta:
      '@types/node':
        optional: true
      less:
        optional: true
      lightningcss:
        optional: true
      sass:
        optional: true
      stylus:
        optional: true
      sugarss:
        optional: true
      terser:
        optional: true

  vitest@0.34.3:
    resolution: {integrity: sha512-7+VA5Iw4S3USYk+qwPxHl8plCMhA5rtfwMjgoQXMT7rO5ldWcdsdo3U1QD289JgglGK4WeOzgoLTsGFu6VISyQ==}
    engines: {node: '>=v14.18.0'}
    hasBin: true
    peerDependencies:
      '@edge-runtime/vm': '*'
      '@vitest/browser': '*'
      '@vitest/ui': '*'
      happy-dom: '*'
      jsdom: '*'
      playwright: '*'
      safaridriver: '*'
      webdriverio: '*'
    peerDependenciesMeta:
      '@edge-runtime/vm':
        optional: true
      '@vitest/browser':
        optional: true
      '@vitest/ui':
        optional: true
      happy-dom:
        optional: true
      jsdom:
        optional: true
      playwright:
        optional: true
      safaridriver:
        optional: true
      webdriverio:
        optional: true

  walk-up-path@3.0.1:
    resolution: {integrity: sha512-9YlCL/ynK3CTlrSRrDxZvUauLzAswPCrsaCgilqFevUYpeEW0/3ScEjaa3kbW/T0ghhkEr7mv+fpjqn1Y1YuTA==}

  which@2.0.2:
    resolution: {integrity: sha512-BLI3Tl1TW3Pvl70l3yq3Y64i+awpwXqsGBYWkkqMtnbXgrMD+yj7rhW0kuEDxzJaYXGjEW5ogapKNMEKNMjibA==}
    engines: {node: '>= 8'}
    hasBin: true

  why-is-node-running@2.2.2:
    resolution: {integrity: sha512-6tSwToZxTOcotxHeA+qGCq1mVzKR3CwcJGmVcY+QE8SHy6TnpFnh8PAvPNHYr7EcuVeG0QSMxtYCuO1ta/G/oA==}
    engines: {node: '>=8'}
    hasBin: true

  wordwrap@1.0.0:
    resolution: {integrity: sha512-gvVzJFlPycKc5dZN4yPkP8w7Dc37BtP1yczEneOb4uq34pXZcvrtRTmWV8W+Ume+XCxKgbjM+nevkyFPMybd4Q==}

  wrappy@1.0.2:
    resolution: {integrity: sha512-l4Sp/DRseor9wL6EvV2+TuQn63dMkPjZ/sp9XkghTEbV9KlPS1xUsZ3u7/IQO4wxtcFB4bgpQPRcR3QCvezPcQ==}

  yallist@4.0.0:
    resolution: {integrity: sha512-3wdGidZyq5PB084XLES5TpOSRA3wjXAlIWMhum2kRcv/41Sn2emQ0dycQW4uZXLejwKvg6EsvbdlVL+FYEct7A==}

  yocto-queue@1.0.0:
    resolution: {integrity: sha512-9bnSc/HEW2uRy67wc+T8UwauLuPJVn28jb+GtJY16iiKWyvmYJRXVT4UamsAEGQfPohgr2q4Tq0sQbQlxTfi1g==}
    engines: {node: '>=12.20'}

snapshots:

  '@biomejs/biome@1.7.2':
    optionalDependencies:
      '@biomejs/cli-darwin-arm64': 1.7.2
      '@biomejs/cli-darwin-x64': 1.7.2
      '@biomejs/cli-linux-arm64': 1.7.2
      '@biomejs/cli-linux-arm64-musl': 1.7.2
      '@biomejs/cli-linux-x64': 1.7.2
      '@biomejs/cli-linux-x64-musl': 1.7.2
      '@biomejs/cli-win32-arm64': 1.7.2
      '@biomejs/cli-win32-x64': 1.7.2

  '@biomejs/cli-darwin-arm64@1.7.2':
    optional: true

  '@biomejs/cli-darwin-x64@1.7.2':
    optional: true

  '@biomejs/cli-linux-arm64-musl@1.7.2':
    optional: true

  '@biomejs/cli-linux-arm64@1.7.2':
    optional: true

  '@biomejs/cli-linux-x64-musl@1.7.2':
    optional: true

  '@biomejs/cli-linux-x64@1.7.2':
    optional: true

  '@biomejs/cli-win32-arm64@1.7.2':
    optional: true

  '@biomejs/cli-win32-x64@1.7.2':
    optional: true

  '@brillout/find-package-files@0.1.1':
    dependencies:
      find-up: 2.1.0
      glob-gitignore: 1.0.14
      ignore: 3.3.10
      reassert: 1.1.21

  '@brillout/format-text@0.1.3':
    dependencies:
      reassert: 1.1.21
      string-width: 2.1.1

  '@brillout/mdocs@0.1.30':
    dependencies:
      '@brillout/find-package-files': 0.1.1
      '@brillout/reassert': 0.1.1
      find-up: 2.1.0
      lodash.escaperegexp: 4.1.2

  '@brillout/picocolors@1.0.28': {}

  '@brillout/reassert@0.1.1':
    dependencies:
      '@brillout/format-text': 0.1.3

  '@brillout/release-me@0.4.7(conventional-commits-filter@5.0.0)':
    dependencies:
      '@brillout/picocolors': 1.0.28
      commander: 11.1.0
      conventional-changelog: 7.0.2(conventional-commits-filter@5.0.0)
      conventional-changelog-angular: 8.0.0
      execa: 5.1.1
      semver: 7.5.4
    transitivePeerDependencies:
      - conventional-commits-filter

  '@brillout/vitest-snapshot@0.35.0-prerelease':
    dependencies:
      magic-string: 0.30.3
      pathe: 1.1.1
      pretty-format: 29.6.3

  '@conventional-changelog/git-client@2.5.1(conventional-commits-filter@5.0.0)(conventional-commits-parser@6.2.0)':
    dependencies:
      '@simple-libs/child-process-utils': 1.0.1
      '@simple-libs/stream-utils': 1.1.0
      semver: 7.5.4
    optionalDependencies:
      conventional-commits-filter: 5.0.0
      conventional-commits-parser: 6.2.0

  '@esbuild/android-arm64@0.18.20':
    optional: true

  '@esbuild/android-arm@0.18.20':
    optional: true

  '@esbuild/android-x64@0.18.20':
    optional: true

  '@esbuild/darwin-arm64@0.18.20':
    optional: true

  '@esbuild/darwin-x64@0.18.20':
    optional: true

  '@esbuild/freebsd-arm64@0.18.20':
    optional: true

  '@esbuild/freebsd-x64@0.18.20':
    optional: true

  '@esbuild/linux-arm64@0.18.20':
    optional: true

  '@esbuild/linux-arm@0.18.20':
    optional: true

  '@esbuild/linux-ia32@0.18.20':
    optional: true

  '@esbuild/linux-loong64@0.18.20':
    optional: true

  '@esbuild/linux-mips64el@0.18.20':
    optional: true

  '@esbuild/linux-ppc64@0.18.20':
    optional: true

  '@esbuild/linux-riscv64@0.18.20':
    optional: true

  '@esbuild/linux-s390x@0.18.20':
    optional: true

  '@esbuild/linux-x64@0.18.20':
    optional: true

  '@esbuild/netbsd-x64@0.18.20':
    optional: true

  '@esbuild/openbsd-x64@0.18.20':
    optional: true

  '@esbuild/sunos-x64@0.18.20':
    optional: true

  '@esbuild/win32-arm64@0.18.20':
    optional: true

  '@esbuild/win32-ia32@0.18.20':
    optional: true

  '@esbuild/win32-x64@0.18.20':
    optional: true

  '@jest/schemas@29.6.3':
    dependencies:
      '@sinclair/typebox': 0.27.8

  '@jridgewell/sourcemap-codec@1.4.15': {}

  '@simple-libs/child-process-utils@1.0.1':
    dependencies:
      '@simple-libs/stream-utils': 1.1.0
      '@types/node': 22.16.0

  '@simple-libs/stream-utils@1.1.0':
    dependencies:
      '@types/node': 22.16.0

  '@sinclair/typebox@0.27.8': {}

  '@types/chai-subset@1.3.3':
    dependencies:
      '@types/chai': 4.3.5

  '@types/chai@4.3.5': {}

  '@types/node@22.16.0':
    dependencies:
      undici-types: 6.21.0

  '@types/node@24.0.10':
    dependencies:
      undici-types: 7.8.0

  '@types/normalize-package-data@2.4.4': {}

  '@types/prop-types@15.7.5': {}

  '@types/react@18.2.21':
    dependencies:
      '@types/prop-types': 15.7.5
      '@types/scheduler': 0.16.3
      csstype: 3.1.2

  '@types/scheduler@0.16.3': {}

  '@vitest/expect@0.34.3':
    dependencies:
      '@vitest/spy': 0.34.3
      '@vitest/utils': 0.34.3
      chai: 4.3.8

  '@vitest/runner@0.34.3':
    dependencies:
      '@vitest/utils': 0.34.3
      p-limit: 4.0.0
      pathe: 1.1.1

  '@vitest/spy@0.34.3':
    dependencies:
      tinyspy: 2.1.1

  '@vitest/utils@0.34.3':
    dependencies:
      diff-sequences: 29.6.3
      loupe: 2.3.6
      pretty-format: 29.6.3

  acorn-walk@8.2.0: {}

  acorn@8.10.0: {}

  ansi-regex@3.0.1: {}

  ansi-styles@5.2.0: {}

  array-ify@1.0.0: {}

  assertion-error@1.1.0: {}

  balanced-match@1.0.2: {}

  brace-expansion@1.1.11:
    dependencies:
      balanced-match: 1.0.2
      concat-map: 0.0.1

  cac@6.7.14: {}

  chai@4.3.8:
    dependencies:
      assertion-error: 1.1.0
      check-error: 1.0.2
      deep-eql: 4.1.3
      get-func-name: 2.0.0
      loupe: 2.3.6
      pathval: 1.1.1
      type-detect: 4.0.8

  check-error@1.0.2: {}

  commander@11.1.0: {}

  compare-func@2.0.0:
    dependencies:
      array-ify: 1.0.0
      dot-prop: 5.3.0

  concat-map@0.0.1: {}

  conventional-changelog-angular@8.0.0:
    dependencies:
      compare-func: 2.0.0

  conventional-changelog-preset-loader@5.0.0: {}

  conventional-changelog-writer@8.1.0:
    dependencies:
      conventional-commits-filter: 5.0.0
      handlebars: 4.7.8
      meow: 13.2.0
      semver: 7.5.4

  conventional-changelog@7.0.2(conventional-commits-filter@5.0.0):
    dependencies:
      '@conventional-changelog/git-client': 2.5.1(conventional-commits-filter@5.0.0)(conventional-commits-parser@6.2.0)
      '@types/normalize-package-data': 2.4.4
      conventional-changelog-preset-loader: 5.0.0
      conventional-changelog-writer: 8.1.0
      conventional-commits-parser: 6.2.0
      fd-package-json: 1.2.0
      meow: 13.2.0
      normalize-package-data: 7.0.0
    transitivePeerDependencies:
      - conventional-commits-filter

  conventional-commits-filter@5.0.0: {}

  conventional-commits-parser@6.2.0:
    dependencies:
      meow: 13.2.0

  cross-spawn@7.0.3:
    dependencies:
      path-key: 3.1.1
      shebang-command: 2.0.0
      which: 2.0.2

  csstype@3.1.2: {}

  debug@4.3.4:
    dependencies:
      ms: 2.1.2

  deep-eql@4.1.3:
    dependencies:
      type-detect: 4.0.8

  diff-sequences@29.6.3: {}

  dot-prop@5.3.0:
    dependencies:
      is-obj: 2.0.0

  esbuild@0.18.20:
    optionalDependencies:
      '@esbuild/android-arm': 0.18.20
      '@esbuild/android-arm64': 0.18.20
      '@esbuild/android-x64': 0.18.20
      '@esbuild/darwin-arm64': 0.18.20
      '@esbuild/darwin-x64': 0.18.20
      '@esbuild/freebsd-arm64': 0.18.20
      '@esbuild/freebsd-x64': 0.18.20
      '@esbuild/linux-arm': 0.18.20
      '@esbuild/linux-arm64': 0.18.20
      '@esbuild/linux-ia32': 0.18.20
      '@esbuild/linux-loong64': 0.18.20
      '@esbuild/linux-mips64el': 0.18.20
      '@esbuild/linux-ppc64': 0.18.20
      '@esbuild/linux-riscv64': 0.18.20
      '@esbuild/linux-s390x': 0.18.20
      '@esbuild/linux-x64': 0.18.20
      '@esbuild/netbsd-x64': 0.18.20
      '@esbuild/openbsd-x64': 0.18.20
      '@esbuild/sunos-x64': 0.18.20
      '@esbuild/win32-arm64': 0.18.20
      '@esbuild/win32-ia32': 0.18.20
      '@esbuild/win32-x64': 0.18.20

  execa@5.1.1:
    dependencies:
      cross-spawn: 7.0.3
      get-stream: 6.0.1
      human-signals: 2.1.0
      is-stream: 2.0.1
      merge-stream: 2.0.0
      npm-run-path: 4.0.1
      onetime: 5.1.2
      signal-exit: 3.0.7
      strip-final-newline: 2.0.0

  fd-package-json@1.2.0:
    dependencies:
      walk-up-path: 3.0.1

  find-up@2.1.0:
    dependencies:
      locate-path: 2.0.0

  fs.realpath@1.0.0: {}

  fsevents@2.3.3:
    optional: true

  get-func-name@2.0.0: {}

  get-stream@6.0.1: {}

  glob-gitignore@1.0.14:
    dependencies:
      glob: 7.2.3
      ignore: 5.2.4
      lodash.difference: 4.5.0
      lodash.union: 4.6.0
      make-array: 1.0.5
      util.inherits: 1.0.3

  glob@7.2.3:
    dependencies:
      fs.realpath: 1.0.0
      inflight: 1.0.6
      inherits: 2.0.4
      minimatch: 3.1.2
      once: 1.4.0
      path-is-absolute: 1.0.1

  handlebars@4.7.8:
    dependencies:
      minimist: 1.2.8
      neo-async: 2.6.2
      source-map: 0.6.1
      wordwrap: 1.0.0
    optionalDependencies:
      uglify-js: 3.17.4

  hosted-git-info@8.1.0:
    dependencies:
      lru-cache: 10.2.2

  human-signals@2.1.0: {}

  ignore@3.3.10: {}

  ignore@5.2.4: {}

  inflight@1.0.6:
    dependencies:
      once: 1.4.0
      wrappy: 1.0.2

  inherits@2.0.4: {}

  is-fullwidth-code-point@2.0.0: {}

  is-obj@2.0.0: {}

  is-stream@2.0.1: {}

  isexe@2.0.0: {}

  js-tokens@4.0.0: {}

  jsonc-parser@3.2.0: {}

  local-pkg@0.4.3: {}

  locate-path@2.0.0:
    dependencies:
      p-locate: 2.0.0
      path-exists: 3.0.0

  lodash.difference@4.5.0: {}

  lodash.escaperegexp@4.1.2: {}

  lodash.isequal@4.5.0: {}

  lodash.union@4.6.0: {}

  loose-envify@1.4.0:
    dependencies:
      js-tokens: 4.0.0

  loupe@2.3.6:
    dependencies:
      get-func-name: 2.0.0

  lru-cache@10.2.2: {}

  lru-cache@6.0.0:
    dependencies:
      yallist: 4.0.0

  magic-string@0.30.3:
    dependencies:
      '@jridgewell/sourcemap-codec': 1.4.15

  make-array@1.0.5: {}

  meow@13.2.0: {}

  merge-stream@2.0.0: {}

  mimic-fn@2.1.0: {}

  minimatch@3.1.2:
    dependencies:
      brace-expansion: 1.1.11

  minimist@1.2.8: {}

  mlly@1.4.1:
    dependencies:
      acorn: 8.10.0
      pathe: 1.1.1
      pkg-types: 1.0.3
      ufo: 1.3.0

  ms@2.1.2: {}

  nanoid@3.3.6: {}

  neo-async@2.6.2: {}

  normalize-package-data@7.0.0:
    dependencies:
      hosted-git-info: 8.1.0
      semver: 7.5.4
      validate-npm-package-license: 3.0.4

  npm-run-path@4.0.1:
    dependencies:
      path-key: 3.1.1

  object-assign@4.1.1: {}

  once@1.4.0:
    dependencies:
      wrappy: 1.0.2

  onetime@5.1.2:
    dependencies:
      mimic-fn: 2.1.0

  p-limit@1.3.0:
    dependencies:
      p-try: 1.0.0

  p-limit@4.0.0:
    dependencies:
      yocto-queue: 1.0.0

  p-locate@2.0.0:
    dependencies:
      p-limit: 1.3.0

  p-try@1.0.0: {}

  path-exists@3.0.0: {}

  path-is-absolute@1.0.1: {}

  path-key@3.1.1: {}

  pathe@1.1.1: {}

  pathval@1.1.1: {}

  picocolors@1.0.0: {}

  pkg-types@1.0.3:
    dependencies:
      jsonc-parser: 3.2.0
      mlly: 1.4.1
      pathe: 1.1.1

  postcss@8.4.29:
    dependencies:
      nanoid: 3.3.6
      picocolors: 1.0.0
      source-map-js: 1.0.2

  prettier@3.2.5: {}

  pretty-format@29.6.3:
    dependencies:
      '@jest/schemas': 29.6.3
      ansi-styles: 5.2.0
      react-is: 18.2.0

  react-is@18.2.0: {}

  react@17.0.2:
    dependencies:
      loose-envify: 1.4.0
      object-assign: 4.1.1

  reassert@1.1.21:
    dependencies:
      '@brillout/format-text': 0.1.3

  rollup@3.28.1:
    optionalDependencies:
      fsevents: 2.3.3

  semver@7.5.4:
    dependencies:
      lru-cache: 6.0.0

  shebang-command@2.0.0:
    dependencies:
      shebang-regex: 3.0.0

  shebang-regex@3.0.0: {}

  siginfo@2.0.0: {}

  signal-exit@3.0.7: {}

  source-map-js@1.0.2: {}

  source-map@0.6.1: {}

  spdx-correct@3.2.0:
    dependencies:
      spdx-expression-parse: 3.0.1
      spdx-license-ids: 3.0.13

  spdx-exceptions@2.3.0: {}

  spdx-expression-parse@3.0.1:
    dependencies:
      spdx-exceptions: 2.3.0
      spdx-license-ids: 3.0.13

  spdx-license-ids@3.0.13: {}

  stackback@0.0.2: {}

  std-env@3.4.3: {}

  string-width@2.1.1:
    dependencies:
      is-fullwidth-code-point: 2.0.0
      strip-ansi: 4.0.0

  strip-ansi@4.0.0:
    dependencies:
      ansi-regex: 3.0.1

  strip-final-newline@2.0.0: {}

  strip-literal@1.3.0:
    dependencies:
      acorn: 8.10.0

  tinybench@2.5.0: {}

  tinypool@0.7.0: {}

  tinyspy@2.1.1: {}

  type-detect@4.0.8: {}

  typescript@5.8.3: {}

  ufo@1.3.0: {}

  uglify-js@3.17.4:
    optional: true

  undici-types@6.21.0: {}

  undici-types@7.8.0: {}

  util.inherits@1.0.3: {}

  validate-npm-package-license@3.0.4:
    dependencies:
      spdx-correct: 3.2.0
      spdx-expression-parse: 3.0.1

  vite-node@0.34.3(@types/node@24.0.10):
    dependencies:
      cac: 6.7.14
      debug: 4.3.4
      mlly: 1.4.1
      pathe: 1.1.1
      picocolors: 1.0.0
      vite: 4.4.9(@types/node@24.0.10)
    transitivePeerDependencies:
      - '@types/node'
      - less
      - lightningcss
      - sass
      - stylus
      - sugarss
      - supports-color
      - terser

  vite@4.4.9(@types/node@24.0.10):
    dependencies:
      esbuild: 0.18.20
      postcss: 8.4.29
      rollup: 3.28.1
    optionalDependencies:
      '@types/node': 24.0.10
      fsevents: 2.3.3

  vitest@0.34.3:
    dependencies:
      '@types/chai': 4.3.5
      '@types/chai-subset': 1.3.3
      '@types/node': 24.0.10
      '@vitest/expect': 0.34.3
      '@vitest/runner': 0.34.3
      '@vitest/snapshot': '@brillout/vitest-snapshot@0.35.0-prerelease'
      '@vitest/spy': 0.34.3
      '@vitest/utils': 0.34.3
      acorn: 8.10.0
      acorn-walk: 8.2.0
      cac: 6.7.14
      chai: 4.3.8
      debug: 4.3.4
      local-pkg: 0.4.3
      magic-string: 0.30.3
      pathe: 1.1.1
      picocolors: 1.0.0
      std-env: 3.4.3
      strip-literal: 1.3.0
      tinybench: 2.5.0
      tinypool: 0.7.0
      vite: 4.4.9(@types/node@24.0.10)
      vite-node: 0.34.3(@types/node@24.0.10)
      why-is-node-running: 2.2.2
    transitivePeerDependencies:
      - less
      - lightningcss
      - sass
      - stylus
      - sugarss
      - supports-color
      - terser

  walk-up-path@3.0.1: {}

  which@2.0.2:
    dependencies:
      isexe: 2.0.0

  why-is-node-running@2.2.2:
    dependencies:
      siginfo: 2.0.0
      stackback: 0.0.2

  wordwrap@1.0.0: {}

  wrappy@1.0.2: {}

  yallist@4.0.0: {}

  yocto-queue@1.0.0: {}
